// !$*UTF8*$!
{
	archiveVersion = 1;
	classes = {
	};
	objectVersion = 46;
	objects = {

/* Begin PBXBuildFile section */
		651477D81E6E17A800190A44 /* DispatchTests.swift in Sources */ = {isa = PBXBuildFile; fileRef = 651477D71E6E17A800190A44 /* DispatchTests.swift */; };
		653271B31E5F2BA300E3DE9C /* Rx.framework in Frameworks */ = {isa = PBXBuildFile; fileRef = 653271A91E5F2BA300E3DE9C /* Rx.framework */; };
		65491DDB1E95802700A1C736 /* FutureOperationsTests.swift in Sources */ = {isa = PBXBuildFile; fileRef = 65491DDA1E95802700A1C736 /* FutureOperationsTests.swift */; };
		658370581E89A8F600B979F4 /* ThrottleTests.swift in Sources */ = {isa = PBXBuildFile; fileRef = 658370571E89A8F600B979F4 /* ThrottleTests.swift */; };
		659432E11E83187800B71335 /* FutureTests.swift in Sources */ = {isa = PBXBuildFile; fileRef = 659432E01E83187800B71335 /* FutureTests.swift */; };
		659432E31E831B3100B71335 /* ColdTests.swift in Sources */ = {isa = PBXBuildFile; fileRef = 659432E21E831B3100B71335 /* ColdTests.swift */; };
		65ACFD301E82BB1C00641BB2 /* Cold.swift in Sources */ = {isa = PBXBuildFile; fileRef = 65ACFD291E82BB1C00641BB2 /* Cold.swift */; };
		65ACFD311E82BB1C00641BB2 /* Future.swift in Sources */ = {isa = PBXBuildFile; fileRef = 65ACFD2A1E82BB1C00641BB2 /* Future.swift */; };
		65ACFD321E82BB1C00641BB2 /* Hot.swift in Sources */ = {isa = PBXBuildFile; fileRef = 65ACFD2B1E82BB1C00641BB2 /* Hot.swift */; };
		65ACFD331E82BB1C00641BB2 /* Observable.swift in Sources */ = {isa = PBXBuildFile; fileRef = 65ACFD2C1E82BB1C00641BB2 /* Observable.swift */; };
		65ACFD341E82BB1C00641BB2 /* Promise.swift in Sources */ = {isa = PBXBuildFile; fileRef = 65ACFD2D1E82BB1C00641BB2 /* Promise.swift */; };
		65ACFD351E82BB1C00641BB2 /* Stream.swift in Sources */ = {isa = PBXBuildFile; fileRef = 65ACFD2E1E82BB1C00641BB2 /* Stream.swift */; };
		65ACFD361E82BB1C00641BB2 /* StreamProcessor.swift in Sources */ = {isa = PBXBuildFile; fileRef = 65ACFD2F1E82BB1C00641BB2 /* StreamProcessor.swift */; };
		65ACFD3C1E82BB2700641BB2 /* ColdOperations.swift in Sources */ = {isa = PBXBuildFile; fileRef = 65ACFD371E82BB2700641BB2 /* ColdOperations.swift */; };
		65ACFD3D1E82BB2700641BB2 /* FutureOperations.swift in Sources */ = {isa = PBXBuildFile; fileRef = 65ACFD381E82BB2700641BB2 /* FutureOperations.swift */; };
		65ACFD3E1E82BB2700641BB2 /* HotOperations.swift in Sources */ = {isa = PBXBuildFile; fileRef = 65ACFD391E82BB2700641BB2 /* HotOperations.swift */; };
		65ACFD3F1E82BB2700641BB2 /* PromiseOperations.swift in Sources */ = {isa = PBXBuildFile; fileRef = 65ACFD3A1E82BB2700641BB2 /* PromiseOperations.swift */; };
		65ACFD401E82BB2700641BB2 /* StreamOperations.swift in Sources */ = {isa = PBXBuildFile; fileRef = 65ACFD3B1E82BB2700641BB2 /* StreamOperations.swift */; };
		65ACFD4A1E82BB3300641BB2 /* Arithmetic.swift in Sources */ = {isa = PBXBuildFile; fileRef = 65ACFD411E82BB3300641BB2 /* Arithmetic.swift */; };
		65ACFD4B1E82BB3300641BB2 /* CircularBuffer.swift in Sources */ = {isa = PBXBuildFile; fileRef = 65ACFD421E82BB3300641BB2 /* CircularBuffer.swift */; };
		65ACFD4C1E82BB3300641BB2 /* Dispatch.swift in Sources */ = {isa = PBXBuildFile; fileRef = 65ACFD431E82BB3300641BB2 /* Dispatch.swift */; };
		65ACFD4D1E82BB3300641BB2 /* Either.swift in Sources */ = {isa = PBXBuildFile; fileRef = 65ACFD441E82BB3300641BB2 /* Either.swift */; };
		65ACFD4E1E82BB3300641BB2 /* Functional.swift in Sources */ = {isa = PBXBuildFile; fileRef = 65ACFD451E82BB3300641BB2 /* Functional.swift */; };
		65ACFD4F1E82BB3300641BB2 /* Result.swift in Sources */ = {isa = PBXBuildFile; fileRef = 65ACFD461E82BB3300641BB2 /* Result.swift */; };
		65ACFD501E82BB3300641BB2 /* StringExtensions.swift in Sources */ = {isa = PBXBuildFile; fileRef = 65ACFD471E82BB3300641BB2 /* StringExtensions.swift */; };
		65ACFD511E82BB3300641BB2 /* Throttle.swift in Sources */ = {isa = PBXBuildFile; fileRef = 65ACFD481E82BB3300641BB2 /* Throttle.swift */; };
		65ACFD521E82BB3300641BB2 /* WeakBox.swift in Sources */ = {isa = PBXBuildFile; fileRef = 65ACFD491E82BB3300641BB2 /* WeakBox.swift */; };
		65ACFD5A1E82C39500641BB2 /* CircularBufferTests.swift in Sources */ = {isa = PBXBuildFile; fileRef = 65ACFD591E82C39500641BB2 /* CircularBufferTests.swift */; };
		65ACFD5C1E82CFD000641BB2 /* PromiseTests.swift in Sources */ = {isa = PBXBuildFile; fileRef = 65ACFD5B1E82CFD000641BB2 /* PromiseTests.swift */; };
		65CB06911E8AFD4F007826E0 /* Cache.swift in Sources */ = {isa = PBXBuildFile; fileRef = 65CB06901E8AFD4F007826E0 /* Cache.swift */; };
		65CB06951E8B0877007826E0 /* Timer.swift in Sources */ = {isa = PBXBuildFile; fileRef = 65CB06941E8B0877007826E0 /* Timer.swift */; };
		65CB06971E8B32BB007826E0 /* ConditionalTimer.swift in Sources */ = {isa = PBXBuildFile; fileRef = 65CB06961E8B32BB007826E0 /* ConditionalTimer.swift */; };
		65CB069A1E8B4281007826E0 /* ConditionalTimerTests.swift in Sources */ = {isa = PBXBuildFile; fileRef = 65CB06981E8B4246007826E0 /* ConditionalTimerTests.swift */; };
		65CB069C1E8BF020007826E0 /* TimerTests.swift in Sources */ = {isa = PBXBuildFile; fileRef = 65CB069B1E8BF020007826E0 /* TimerTests.swift */; };
		65CDD9591E8402D700FF5C06 /* ObservableOperations.swift in Sources */ = {isa = PBXBuildFile; fileRef = 65CDD9581E8402D700FF5C06 /* ObservableOperations.swift */; };
		65CDD95D1E84361000FF5C06 /* ObservableTests.swift in Sources */ = {isa = PBXBuildFile; fileRef = 65CDD95C1E84361000FF5C06 /* ObservableTests.swift */; };
		65CDD9621E8461D200FF5C06 /* ArrayExtensions.swift in Sources */ = {isa = PBXBuildFile; fileRef = 65CDD9611E8461D200FF5C06 /* ArrayExtensions.swift */; };
		65DC98321E8039B60045BFA3 /* HotOperationsTests.swift in Sources */ = {isa = PBXBuildFile; fileRef = 65DC98311E8039B60045BFA3 /* HotOperationsTests.swift */; };
		65DC98341E816A830045BFA3 /* TestExtensions.swift in Sources */ = {isa = PBXBuildFile; fileRef = 65DC98331E816A830045BFA3 /* TestExtensions.swift */; };
/* End PBXBuildFile section */

/* Begin PBXContainerItemProxy section */
		653271B41E5F2BA300E3DE9C /* PBXContainerItemProxy */ = {
			isa = PBXContainerItemProxy;
			containerPortal = 653271A01E5F2BA300E3DE9C /* Project object */;
			proxyType = 1;
			remoteGlobalIDString = 653271A81E5F2BA300E3DE9C;
			remoteInfo = RxStream;
		};
/* End PBXContainerItemProxy section */

/* Begin PBXFileReference section */
		651477D71E6E17A800190A44 /* DispatchTests.swift */ = {isa = PBXFileReference; fileEncoding = 4; lastKnownFileType = sourcecode.swift; path = DispatchTests.swift; sourceTree = "<group>"; };
		653271A91E5F2BA300E3DE9C /* Rx.framework */ = {isa = PBXFileReference; explicitFileType = wrapper.framework; includeInIndex = 0; path = Rx.framework; sourceTree = BUILT_PRODUCTS_DIR; };
		653271B21E5F2BA300E3DE9C /* RxTests.xctest */ = {isa = PBXFileReference; explicitFileType = wrapper.cfbundle; includeInIndex = 0; path = RxTests.xctest; sourceTree = BUILT_PRODUCTS_DIR; };
		653271B91E5F2BA300E3DE9C /* Info.plist */ = {isa = PBXFileReference; lastKnownFileType = text.plist.xml; path = Info.plist; sourceTree = "<group>"; };
		65491DDA1E95802700A1C736 /* FutureOperationsTests.swift */ = {isa = PBXFileReference; fileEncoding = 4; lastKnownFileType = sourcecode.swift; path = FutureOperationsTests.swift; sourceTree = "<group>"; };
		658370571E89A8F600B979F4 /* ThrottleTests.swift */ = {isa = PBXFileReference; fileEncoding = 4; lastKnownFileType = sourcecode.swift; path = ThrottleTests.swift; sourceTree = "<group>"; };
		658370591E89BCE400B979F4 /* throttle.md */ = {isa = PBXFileReference; fileEncoding = 4; lastKnownFileType = net.daringfireball.markdown; name = throttle.md; path = Docs/throttle.md; sourceTree = SOURCE_ROOT; };
		658692BA1E85ADCF000C9413 /* README.md */ = {isa = PBXFileReference; fileEncoding = 4; lastKnownFileType = net.daringfireball.markdown; path = README.md; sourceTree = SOURCE_ROOT; };
		658692BC1E85AE7C000C9413 /* cold.md */ = {isa = PBXFileReference; fileEncoding = 4; lastKnownFileType = net.daringfireball.markdown; name = cold.md; path = Docs/cold.md; sourceTree = SOURCE_ROOT; };
		658692BD1E85AE7C000C9413 /* future.md */ = {isa = PBXFileReference; fileEncoding = 4; lastKnownFileType = net.daringfireball.markdown; name = future.md; path = Docs/future.md; sourceTree = SOURCE_ROOT; };
		658692BE1E85AE7C000C9413 /* hot.md */ = {isa = PBXFileReference; fileEncoding = 4; lastKnownFileType = net.daringfireball.markdown; name = hot.md; path = Docs/hot.md; sourceTree = SOURCE_ROOT; };
		658692BF1E85AE7C000C9413 /* observable.md */ = {isa = PBXFileReference; fileEncoding = 4; lastKnownFileType = net.daringfireball.markdown; name = observable.md; path = Docs/observable.md; sourceTree = SOURCE_ROOT; };
		658692C01E85AE7C000C9413 /* promise.md */ = {isa = PBXFileReference; fileEncoding = 4; lastKnownFileType = net.daringfireball.markdown; name = promise.md; path = Docs/promise.md; sourceTree = SOURCE_ROOT; };
		659432E01E83187800B71335 /* FutureTests.swift */ = {isa = PBXFileReference; fileEncoding = 4; lastKnownFileType = sourcecode.swift; path = FutureTests.swift; sourceTree = "<group>"; };
		659432E21E831B3100B71335 /* ColdTests.swift */ = {isa = PBXFileReference; fileEncoding = 4; lastKnownFileType = sourcecode.swift; path = ColdTests.swift; sourceTree = "<group>"; };
		65ACFD291E82BB1C00641BB2 /* Cold.swift */ = {isa = PBXFileReference; fileEncoding = 4; lastKnownFileType = sourcecode.swift; name = Cold.swift; path = Streams/Cold.swift; sourceTree = "<group>"; };
		65ACFD2A1E82BB1C00641BB2 /* Future.swift */ = {isa = PBXFileReference; fileEncoding = 4; lastKnownFileType = sourcecode.swift; name = Future.swift; path = Streams/Future.swift; sourceTree = "<group>"; };
		65ACFD2B1E82BB1C00641BB2 /* Hot.swift */ = {isa = PBXFileReference; fileEncoding = 4; lastKnownFileType = sourcecode.swift; name = Hot.swift; path = Streams/Hot.swift; sourceTree = "<group>"; };
		65ACFD2C1E82BB1C00641BB2 /* Observable.swift */ = {isa = PBXFileReference; fileEncoding = 4; lastKnownFileType = sourcecode.swift; name = Observable.swift; path = Streams/Observable.swift; sourceTree = "<group>"; };
		65ACFD2D1E82BB1C00641BB2 /* Promise.swift */ = {isa = PBXFileReference; fileEncoding = 4; lastKnownFileType = sourcecode.swift; name = Promise.swift; path = Streams/Promise.swift; sourceTree = "<group>"; };
		65ACFD2E1E82BB1C00641BB2 /* Stream.swift */ = {isa = PBXFileReference; fileEncoding = 4; lastKnownFileType = sourcecode.swift; name = Stream.swift; path = Streams/Stream.swift; sourceTree = "<group>"; };
		65ACFD2F1E82BB1C00641BB2 /* StreamProcessor.swift */ = {isa = PBXFileReference; fileEncoding = 4; lastKnownFileType = sourcecode.swift; name = StreamProcessor.swift; path = Streams/StreamProcessor.swift; sourceTree = "<group>"; };
		65ACFD371E82BB2700641BB2 /* ColdOperations.swift */ = {isa = PBXFileReference; fileEncoding = 4; lastKnownFileType = sourcecode.swift; name = ColdOperations.swift; path = "Stream Operations/ColdOperations.swift"; sourceTree = "<group>"; };
		65ACFD381E82BB2700641BB2 /* FutureOperations.swift */ = {isa = PBXFileReference; fileEncoding = 4; lastKnownFileType = sourcecode.swift; name = FutureOperations.swift; path = "Stream Operations/FutureOperations.swift"; sourceTree = "<group>"; };
		65ACFD391E82BB2700641BB2 /* HotOperations.swift */ = {isa = PBXFileReference; fileEncoding = 4; lastKnownFileType = sourcecode.swift; name = HotOperations.swift; path = "Stream Operations/HotOperations.swift"; sourceTree = "<group>"; };
		65ACFD3A1E82BB2700641BB2 /* PromiseOperations.swift */ = {isa = PBXFileReference; fileEncoding = 4; lastKnownFileType = sourcecode.swift; name = PromiseOperations.swift; path = "Stream Operations/PromiseOperations.swift"; sourceTree = "<group>"; };
		65ACFD3B1E82BB2700641BB2 /* StreamOperations.swift */ = {isa = PBXFileReference; fileEncoding = 4; lastKnownFileType = sourcecode.swift; name = StreamOperations.swift; path = "Stream Operations/StreamOperations.swift"; sourceTree = "<group>"; };
		65ACFD411E82BB3300641BB2 /* Arithmetic.swift */ = {isa = PBXFileReference; fileEncoding = 4; lastKnownFileType = sourcecode.swift; name = Arithmetic.swift; path = Utilities/Arithmetic.swift; sourceTree = "<group>"; };
		65ACFD421E82BB3300641BB2 /* CircularBuffer.swift */ = {isa = PBXFileReference; fileEncoding = 4; lastKnownFileType = sourcecode.swift; name = CircularBuffer.swift; path = Utilities/CircularBuffer.swift; sourceTree = "<group>"; };
		65ACFD431E82BB3300641BB2 /* Dispatch.swift */ = {isa = PBXFileReference; fileEncoding = 4; lastKnownFileType = sourcecode.swift; name = Dispatch.swift; path = Utilities/Dispatch.swift; sourceTree = "<group>"; };
		65ACFD441E82BB3300641BB2 /* Either.swift */ = {isa = PBXFileReference; fileEncoding = 4; lastKnownFileType = sourcecode.swift; name = Either.swift; path = Utilities/Either.swift; sourceTree = "<group>"; };
		65ACFD451E82BB3300641BB2 /* Functional.swift */ = {isa = PBXFileReference; fileEncoding = 4; lastKnownFileType = sourcecode.swift; name = Functional.swift; path = Utilities/Functional.swift; sourceTree = "<group>"; };
		65ACFD461E82BB3300641BB2 /* Result.swift */ = {isa = PBXFileReference; fileEncoding = 4; lastKnownFileType = sourcecode.swift; name = Result.swift; path = Utilities/Result.swift; sourceTree = "<group>"; };
		65ACFD471E82BB3300641BB2 /* StringExtensions.swift */ = {isa = PBXFileReference; fileEncoding = 4; lastKnownFileType = sourcecode.swift; name = StringExtensions.swift; path = Utilities/StringExtensions.swift; sourceTree = "<group>"; };
		65ACFD481E82BB3300641BB2 /* Throttle.swift */ = {isa = PBXFileReference; fileEncoding = 4; lastKnownFileType = sourcecode.swift; name = Throttle.swift; path = Utilities/Throttle.swift; sourceTree = "<group>"; };
		65ACFD491E82BB3300641BB2 /* WeakBox.swift */ = {isa = PBXFileReference; fileEncoding = 4; lastKnownFileType = sourcecode.swift; name = WeakBox.swift; path = Utilities/WeakBox.swift; sourceTree = "<group>"; };
		65ACFD531E82BB6700641BB2 /* Info.plist */ = {isa = PBXFileReference; fileEncoding = 4; lastKnownFileType = text.plist.xml; name = Info.plist; path = Resources/Info.plist; sourceTree = "<group>"; };
		65ACFD591E82C39500641BB2 /* CircularBufferTests.swift */ = {isa = PBXFileReference; fileEncoding = 4; lastKnownFileType = sourcecode.swift; path = CircularBufferTests.swift; sourceTree = "<group>"; };
		65ACFD5B1E82CFD000641BB2 /* PromiseTests.swift */ = {isa = PBXFileReference; fileEncoding = 4; lastKnownFileType = sourcecode.swift; path = PromiseTests.swift; sourceTree = "<group>"; };
		65CB06901E8AFD4F007826E0 /* Cache.swift */ = {isa = PBXFileReference; fileEncoding = 4; lastKnownFileType = sourcecode.swift; name = Cache.swift; path = Utilities/Cache.swift; sourceTree = "<group>"; };
		65CB06941E8B0877007826E0 /* Timer.swift */ = {isa = PBXFileReference; fileEncoding = 4; lastKnownFileType = sourcecode.swift; name = Timer.swift; path = Streams/Timer.swift; sourceTree = "<group>"; };
		65CB06961E8B32BB007826E0 /* ConditionalTimer.swift */ = {isa = PBXFileReference; fileEncoding = 4; lastKnownFileType = sourcecode.swift; path = ConditionalTimer.swift; sourceTree = "<group>"; };
		65CB06981E8B4246007826E0 /* ConditionalTimerTests.swift */ = {isa = PBXFileReference; fileEncoding = 4; lastKnownFileType = sourcecode.swift; path = ConditionalTimerTests.swift; sourceTree = "<group>"; };
		65CB069B1E8BF020007826E0 /* TimerTests.swift */ = {isa = PBXFileReference; fileEncoding = 4; lastKnownFileType = sourcecode.swift; path = TimerTests.swift; sourceTree = "<group>"; };
		65CDD9581E8402D700FF5C06 /* ObservableOperations.swift */ = {isa = PBXFileReference; fileEncoding = 4; lastKnownFileType = sourcecode.swift; name = ObservableOperations.swift; path = "Stream Operations/ObservableOperations.swift"; sourceTree = "<group>"; };
		65CDD95C1E84361000FF5C06 /* ObservableTests.swift */ = {isa = PBXFileReference; fileEncoding = 4; lastKnownFileType = sourcecode.swift; path = ObservableTests.swift; sourceTree = "<group>"; };
		65CDD9611E8461D200FF5C06 /* ArrayExtensions.swift */ = {isa = PBXFileReference; fileEncoding = 4; lastKnownFileType = sourcecode.swift; name = ArrayExtensions.swift; path = Utilities/ArrayExtensions.swift; sourceTree = "<group>"; };
		65DC98311E8039B60045BFA3 /* HotOperationsTests.swift */ = {isa = PBXFileReference; fileEncoding = 4; lastKnownFileType = sourcecode.swift; path = HotOperationsTests.swift; sourceTree = "<group>"; };
		65DC98331E816A830045BFA3 /* TestExtensions.swift */ = {isa = PBXFileReference; fileEncoding = 4; lastKnownFileType = sourcecode.swift; path = TestExtensions.swift; sourceTree = "<group>"; };
/* End PBXFileReference section */

/* Begin PBXFrameworksBuildPhase section */
		653271A51E5F2BA300E3DE9C /* Frameworks */ = {
			isa = PBXFrameworksBuildPhase;
			buildActionMask = 2147483647;
			files = (
			);
			runOnlyForDeploymentPostprocessing = 0;
		};
		653271AF1E5F2BA300E3DE9C /* Frameworks */ = {
			isa = PBXFrameworksBuildPhase;
			buildActionMask = 2147483647;
			files = (
				653271B31E5F2BA300E3DE9C /* Rx.framework in Frameworks */,
			);
			runOnlyForDeploymentPostprocessing = 0;
		};
/* End PBXFrameworksBuildPhase section */

/* Begin PBXGroup section */
		6532719F1E5F2BA300E3DE9C = {
			isa = PBXGroup;
			children = (
				653271AB1E5F2BA300E3DE9C /* RxStream */,
				653271B61E5F2BA300E3DE9C /* RxStreamTests */,
				653271AA1E5F2BA300E3DE9C /* Products */,
			);
			sourceTree = "<group>";
		};
		653271AA1E5F2BA300E3DE9C /* Products */ = {
			isa = PBXGroup;
			children = (
				653271A91E5F2BA300E3DE9C /* Rx.framework */,
				653271B21E5F2BA300E3DE9C /* RxTests.xctest */,
			);
			name = Products;
			sourceTree = "<group>";
		};
		653271AB1E5F2BA300E3DE9C /* RxStream */ = {
			isa = PBXGroup;
			children = (
				65CDD95E1E8460D400FF5C06 /* Docs */,
				65ACFD281E82BB0E00641BB2 /* Streams */,
				65ACFD271E82BB0600641BB2 /* Stream Operations */,
				65ACFD261E82BAFE00641BB2 /* Utilities */,
				65ACFD251E82BAF700641BB2 /* Resources */,
			);
			path = RxStream;
			sourceTree = "<group>";
		};
		653271B61E5F2BA300E3DE9C /* RxStreamTests */ = {
			isa = PBXGroup;
			children = (
				653271B91E5F2BA300E3DE9C /* Info.plist */,
				65DC98331E816A830045BFA3 /* TestExtensions.swift */,
				658370571E89A8F600B979F4 /* ThrottleTests.swift */,
				65ACFD5B1E82CFD000641BB2 /* PromiseTests.swift */,
				65ACFD591E82C39500641BB2 /* CircularBufferTests.swift */,
				651477D71E6E17A800190A44 /* DispatchTests.swift */,
				65DC98311E8039B60045BFA3 /* HotOperationsTests.swift */,
				65491DDA1E95802700A1C736 /* FutureOperationsTests.swift */,
				659432E01E83187800B71335 /* FutureTests.swift */,
				659432E21E831B3100B71335 /* ColdTests.swift */,
				65CDD95C1E84361000FF5C06 /* ObservableTests.swift */,
				65CB06981E8B4246007826E0 /* ConditionalTimerTests.swift */,
				65CB069B1E8BF020007826E0 /* TimerTests.swift */,
			);
			path = RxStreamTests;
			sourceTree = "<group>";
		};
		65ACFD251E82BAF700641BB2 /* Resources */ = {
			isa = PBXGroup;
			children = (
				65ACFD531E82BB6700641BB2 /* Info.plist */,
			);
			name = Resources;
			sourceTree = "<group>";
		};
		65ACFD261E82BAFE00641BB2 /* Utilities */ = {
			isa = PBXGroup;
			children = (
				65CDD9611E8461D200FF5C06 /* ArrayExtensions.swift */,
				65ACFD411E82BB3300641BB2 /* Arithmetic.swift */,
				65ACFD421E82BB3300641BB2 /* CircularBuffer.swift */,
				65ACFD431E82BB3300641BB2 /* Dispatch.swift */,
				65ACFD441E82BB3300641BB2 /* Either.swift */,
				65ACFD451E82BB3300641BB2 /* Functional.swift */,
				65ACFD461E82BB3300641BB2 /* Result.swift */,
				65ACFD471E82BB3300641BB2 /* StringExtensions.swift */,
				65ACFD481E82BB3300641BB2 /* Throttle.swift */,
				65ACFD491E82BB3300641BB2 /* WeakBox.swift */,
				65CB06901E8AFD4F007826E0 /* Cache.swift */,
				65CB06961E8B32BB007826E0 /* ConditionalTimer.swift */,
			);
			name = Utilities;
			sourceTree = "<group>";
		};
		65ACFD271E82BB0600641BB2 /* Stream Operations */ = {
			isa = PBXGroup;
			children = (
				65ACFD371E82BB2700641BB2 /* ColdOperations.swift */,
				65ACFD381E82BB2700641BB2 /* FutureOperations.swift */,
				65ACFD391E82BB2700641BB2 /* HotOperations.swift */,
				65ACFD3A1E82BB2700641BB2 /* PromiseOperations.swift */,
				65ACFD3B1E82BB2700641BB2 /* StreamOperations.swift */,
				65CDD9581E8402D700FF5C06 /* ObservableOperations.swift */,
			);
			name = "Stream Operations";
			sourceTree = "<group>";
		};
		65ACFD281E82BB0E00641BB2 /* Streams */ = {
			isa = PBXGroup;
			children = (
				65ACFD291E82BB1C00641BB2 /* Cold.swift */,
				65ACFD2A1E82BB1C00641BB2 /* Future.swift */,
				65ACFD2B1E82BB1C00641BB2 /* Hot.swift */,
				65CB06941E8B0877007826E0 /* Timer.swift */,
				65ACFD2C1E82BB1C00641BB2 /* Observable.swift */,
				65ACFD2D1E82BB1C00641BB2 /* Promise.swift */,
				65ACFD2E1E82BB1C00641BB2 /* Stream.swift */,
				65ACFD2F1E82BB1C00641BB2 /* StreamProcessor.swift */,
			);
			name = Streams;
			sourceTree = "<group>";
		};
		65CDD95E1E8460D400FF5C06 /* Docs */ = {
			isa = PBXGroup;
			children = (
				658692BA1E85ADCF000C9413 /* README.md */,
				658692BC1E85AE7C000C9413 /* cold.md */,
				658692BD1E85AE7C000C9413 /* future.md */,
				658692BE1E85AE7C000C9413 /* hot.md */,
				658692BF1E85AE7C000C9413 /* observable.md */,
				658692C01E85AE7C000C9413 /* promise.md */,
				658370591E89BCE400B979F4 /* throttle.md */,
			);
			name = Docs;
			sourceTree = "<group>";
		};
/* End PBXGroup section */

/* Begin PBXHeadersBuildPhase section */
		653271A61E5F2BA300E3DE9C /* Headers */ = {
			isa = PBXHeadersBuildPhase;
			buildActionMask = 2147483647;
			files = (
			);
			runOnlyForDeploymentPostprocessing = 0;
		};
/* End PBXHeadersBuildPhase section */

/* Begin PBXNativeTarget section */
		653271A81E5F2BA300E3DE9C /* Rx */ = {
			isa = PBXNativeTarget;
			buildConfigurationList = 653271BD1E5F2BA300E3DE9C /* Build configuration list for PBXNativeTarget "Rx" */;
			buildPhases = (
				653271A41E5F2BA300E3DE9C /* Sources */,
				653271A51E5F2BA300E3DE9C /* Frameworks */,
				653271A61E5F2BA300E3DE9C /* Headers */,
				653271A71E5F2BA300E3DE9C /* Resources */,
			);
			buildRules = (
			);
			dependencies = (
			);
			name = Rx;
			productName = RxStream;
			productReference = 653271A91E5F2BA300E3DE9C /* Rx.framework */;
			productType = "com.apple.product-type.framework";
		};
		653271B11E5F2BA300E3DE9C /* RxTests */ = {
			isa = PBXNativeTarget;
			buildConfigurationList = 653271C01E5F2BA300E3DE9C /* Build configuration list for PBXNativeTarget "RxTests" */;
			buildPhases = (
				653271AE1E5F2BA300E3DE9C /* Sources */,
				653271AF1E5F2BA300E3DE9C /* Frameworks */,
				653271B01E5F2BA300E3DE9C /* Resources */,
			);
			buildRules = (
			);
			dependencies = (
				653271B51E5F2BA300E3DE9C /* PBXTargetDependency */,
			);
			name = RxTests;
			productName = RxStreamTests;
			productReference = 653271B21E5F2BA300E3DE9C /* RxTests.xctest */;
			productType = "com.apple.product-type.bundle.unit-test";
		};
/* End PBXNativeTarget section */

/* Begin PBXProject section */
		653271A01E5F2BA300E3DE9C /* Project object */ = {
			isa = PBXProject;
			attributes = {
				LastSwiftUpdateCheck = 0820;
				LastUpgradeCheck = 0820;
				ORGANIZATIONNAME = "Aaron Hayman";
				TargetAttributes = {
					653271A81E5F2BA300E3DE9C = {
						CreatedOnToolsVersion = 8.2.1;
						DevelopmentTeam = K2ACJ3FT43;
						LastSwiftMigration = 0820;
						ProvisioningStyle = Automatic;
					};
					653271B11E5F2BA300E3DE9C = {
						CreatedOnToolsVersion = 8.2.1;
						DevelopmentTeam = K2ACJ3FT43;
						ProvisioningStyle = Automatic;
					};
				};
			};
			buildConfigurationList = 653271A31E5F2BA300E3DE9C /* Build configuration list for PBXProject "RxStream" */;
			compatibilityVersion = "Xcode 3.2";
			developmentRegion = English;
			hasScannedForEncodings = 0;
			knownRegions = (
				en,
			);
			mainGroup = 6532719F1E5F2BA300E3DE9C;
			productRefGroup = 653271AA1E5F2BA300E3DE9C /* Products */;
			projectDirPath = "";
			projectRoot = "";
			targets = (
				653271A81E5F2BA300E3DE9C /* Rx */,
				653271B11E5F2BA300E3DE9C /* RxTests */,
			);
		};
/* End PBXProject section */

/* Begin PBXResourcesBuildPhase section */
		653271A71E5F2BA300E3DE9C /* Resources */ = {
			isa = PBXResourcesBuildPhase;
			buildActionMask = 2147483647;
			files = (
			);
			runOnlyForDeploymentPostprocessing = 0;
		};
		653271B01E5F2BA300E3DE9C /* Resources */ = {
			isa = PBXResourcesBuildPhase;
			buildActionMask = 2147483647;
			files = (
			);
			runOnlyForDeploymentPostprocessing = 0;
		};
/* End PBXResourcesBuildPhase section */

/* Begin PBXSourcesBuildPhase section */
		653271A41E5F2BA300E3DE9C /* Sources */ = {
			isa = PBXSourcesBuildPhase;
			buildActionMask = 2147483647;
			files = (
				65ACFD4F1E82BB3300641BB2 /* Result.swift in Sources */,
				65ACFD331E82BB1C00641BB2 /* Observable.swift in Sources */,
				65ACFD4A1E82BB3300641BB2 /* Arithmetic.swift in Sources */,
				65ACFD511E82BB3300641BB2 /* Throttle.swift in Sources */,
				65CDD9621E8461D200FF5C06 /* ArrayExtensions.swift in Sources */,
				65ACFD3E1E82BB2700641BB2 /* HotOperations.swift in Sources */,
				65ACFD351E82BB1C00641BB2 /* Stream.swift in Sources */,
				65ACFD311E82BB1C00641BB2 /* Future.swift in Sources */,
				65ACFD341E82BB1C00641BB2 /* Promise.swift in Sources */,
				65CDD9591E8402D700FF5C06 /* ObservableOperations.swift in Sources */,
				65ACFD361E82BB1C00641BB2 /* StreamProcessor.swift in Sources */,
				65ACFD3C1E82BB2700641BB2 /* ColdOperations.swift in Sources */,
				65ACFD4D1E82BB3300641BB2 /* Either.swift in Sources */,
				65ACFD4B1E82BB3300641BB2 /* CircularBuffer.swift in Sources */,
				65ACFD3F1E82BB2700641BB2 /* PromiseOperations.swift in Sources */,
				65CB06971E8B32BB007826E0 /* ConditionalTimer.swift in Sources */,
				65ACFD301E82BB1C00641BB2 /* Cold.swift in Sources */,
				65CB06951E8B0877007826E0 /* Timer.swift in Sources */,
				65ACFD401E82BB2700641BB2 /* StreamOperations.swift in Sources */,
				65ACFD4C1E82BB3300641BB2 /* Dispatch.swift in Sources */,
				65ACFD4E1E82BB3300641BB2 /* Functional.swift in Sources */,
				65ACFD321E82BB1C00641BB2 /* Hot.swift in Sources */,
				65CB06911E8AFD4F007826E0 /* Cache.swift in Sources */,
				65ACFD3D1E82BB2700641BB2 /* FutureOperations.swift in Sources */,
				65ACFD501E82BB3300641BB2 /* StringExtensions.swift in Sources */,
				65ACFD521E82BB3300641BB2 /* WeakBox.swift in Sources */,
			);
			runOnlyForDeploymentPostprocessing = 0;
		};
		653271AE1E5F2BA300E3DE9C /* Sources */ = {
			isa = PBXSourcesBuildPhase;
			buildActionMask = 2147483647;
			files = (
				658370581E89A8F600B979F4 /* ThrottleTests.swift in Sources */,
				65CDD95D1E84361000FF5C06 /* ObservableTests.swift in Sources */,
				65CB069C1E8BF020007826E0 /* TimerTests.swift in Sources */,
				651477D81E6E17A800190A44 /* DispatchTests.swift in Sources */,
				65ACFD5C1E82CFD000641BB2 /* PromiseTests.swift in Sources */,
				65CB069A1E8B4281007826E0 /* ConditionalTimerTests.swift in Sources */,
				659432E11E83187800B71335 /* FutureTests.swift in Sources */,
				65DC98341E816A830045BFA3 /* TestExtensions.swift in Sources */,
				65491DDB1E95802700A1C736 /* FutureOperationsTests.swift in Sources */,
				659432E31E831B3100B71335 /* ColdTests.swift in Sources */,
				65ACFD5A1E82C39500641BB2 /* CircularBufferTests.swift in Sources */,
				65DC98321E8039B60045BFA3 /* HotOperationsTests.swift in Sources */,
			);
			runOnlyForDeploymentPostprocessing = 0;
		};
/* End PBXSourcesBuildPhase section */

/* Begin PBXTargetDependency section */
		653271B51E5F2BA300E3DE9C /* PBXTargetDependency */ = {
			isa = PBXTargetDependency;
			target = 653271A81E5F2BA300E3DE9C /* Rx */;
			targetProxy = 653271B41E5F2BA300E3DE9C /* PBXContainerItemProxy */;
		};
/* End PBXTargetDependency section */

/* Begin XCBuildConfiguration section */
		653271BB1E5F2BA300E3DE9C /* Debug */ = {
			isa = XCBuildConfiguration;
			buildSettings = {
				ALWAYS_SEARCH_USER_PATHS = NO;
				CLANG_ANALYZER_NONNULL = YES;
				CLANG_CXX_LANGUAGE_STANDARD = "gnu++0x";
				CLANG_CXX_LIBRARY = "libc++";
				CLANG_ENABLE_MODULES = YES;
				CLANG_ENABLE_OBJC_ARC = YES;
				CLANG_WARN_BOOL_CONVERSION = YES;
				CLANG_WARN_CONSTANT_CONVERSION = YES;
				CLANG_WARN_DIRECT_OBJC_ISA_USAGE = YES_ERROR;
				CLANG_WARN_DOCUMENTATION_COMMENTS = YES;
				CLANG_WARN_EMPTY_BODY = YES;
				CLANG_WARN_ENUM_CONVERSION = YES;
				CLANG_WARN_INFINITE_RECURSION = YES;
				CLANG_WARN_INT_CONVERSION = YES;
				CLANG_WARN_OBJC_ROOT_CLASS = YES_ERROR;
				CLANG_WARN_SUSPICIOUS_MOVE = YES;
				CLANG_WARN_UNREACHABLE_CODE = YES;
				CLANG_WARN__DUPLICATE_METHOD_MATCH = YES;
				"CODE_SIGN_IDENTITY[sdk=iphoneos*]" = "iPhone Developer";
				COPY_PHASE_STRIP = NO;
				CURRENT_PROJECT_VERSION = 1;
				DEBUG_INFORMATION_FORMAT = dwarf;
				ENABLE_STRICT_OBJC_MSGSEND = YES;
				ENABLE_TESTABILITY = YES;
				GCC_C_LANGUAGE_STANDARD = gnu99;
				GCC_DYNAMIC_NO_PIC = NO;
				GCC_NO_COMMON_BLOCKS = YES;
				GCC_OPTIMIZATION_LEVEL = 0;
				GCC_PREPROCESSOR_DEFINITIONS = (
					"DEBUG=1",
					"$(inherited)",
				);
				GCC_WARN_64_TO_32_BIT_CONVERSION = YES;
				GCC_WARN_ABOUT_RETURN_TYPE = YES_ERROR;
				GCC_WARN_UNDECLARED_SELECTOR = YES;
				GCC_WARN_UNINITIALIZED_AUTOS = YES_AGGRESSIVE;
				GCC_WARN_UNUSED_FUNCTION = YES;
				GCC_WARN_UNUSED_VARIABLE = YES;
				IPHONEOS_DEPLOYMENT_TARGET = 10.2;
				MTL_ENABLE_DEBUG_INFO = YES;
				ONLY_ACTIVE_ARCH = YES;
				SDKROOT = iphoneos;
				SWIFT_ACTIVE_COMPILATION_CONDITIONS = DEBUG;
				SWIFT_OPTIMIZATION_LEVEL = "-Onone";
				TARGETED_DEVICE_FAMILY = "1,2";
				VERSIONING_SYSTEM = "apple-generic";
				VERSION_INFO_PREFIX = "";
			};
			name = Debug;
		};
		653271BC1E5F2BA300E3DE9C /* Release */ = {
			isa = XCBuildConfiguration;
			buildSettings = {
				ALWAYS_SEARCH_USER_PATHS = NO;
				CLANG_ANALYZER_NONNULL = YES;
				CLANG_CXX_LANGUAGE_STANDARD = "gnu++0x";
				CLANG_CXX_LIBRARY = "libc++";
				CLANG_ENABLE_MODULES = YES;
				CLANG_ENABLE_OBJC_ARC = YES;
				CLANG_WARN_BOOL_CONVERSION = YES;
				CLANG_WARN_CONSTANT_CONVERSION = YES;
				CLANG_WARN_DIRECT_OBJC_ISA_USAGE = YES_ERROR;
				CLANG_WARN_DOCUMENTATION_COMMENTS = YES;
				CLANG_WARN_EMPTY_BODY = YES;
				CLANG_WARN_ENUM_CONVERSION = YES;
				CLANG_WARN_INFINITE_RECURSION = YES;
				CLANG_WARN_INT_CONVERSION = YES;
				CLANG_WARN_OBJC_ROOT_CLASS = YES_ERROR;
				CLANG_WARN_SUSPICIOUS_MOVE = YES;
				CLANG_WARN_UNREACHABLE_CODE = YES;
				CLANG_WARN__DUPLICATE_METHOD_MATCH = YES;
				"CODE_SIGN_IDENTITY[sdk=iphoneos*]" = "iPhone Developer";
				COPY_PHASE_STRIP = NO;
				CURRENT_PROJECT_VERSION = 1;
				DEBUG_INFORMATION_FORMAT = "dwarf-with-dsym";
				ENABLE_NS_ASSERTIONS = NO;
				ENABLE_STRICT_OBJC_MSGSEND = YES;
				GCC_C_LANGUAGE_STANDARD = gnu99;
				GCC_NO_COMMON_BLOCKS = YES;
				GCC_WARN_64_TO_32_BIT_CONVERSION = YES;
				GCC_WARN_ABOUT_RETURN_TYPE = YES_ERROR;
				GCC_WARN_UNDECLARED_SELECTOR = YES;
				GCC_WARN_UNINITIALIZED_AUTOS = YES_AGGRESSIVE;
				GCC_WARN_UNUSED_FUNCTION = YES;
				GCC_WARN_UNUSED_VARIABLE = YES;
				IPHONEOS_DEPLOYMENT_TARGET = 10.2;
				MTL_ENABLE_DEBUG_INFO = NO;
				SDKROOT = iphoneos;
				SWIFT_OPTIMIZATION_LEVEL = "-Owholemodule";
				TARGETED_DEVICE_FAMILY = "1,2";
				VALIDATE_PRODUCT = YES;
				VERSIONING_SYSTEM = "apple-generic";
				VERSION_INFO_PREFIX = "";
			};
			name = Release;
		};
		653271BE1E5F2BA300E3DE9C /* Debug */ = {
			isa = XCBuildConfiguration;
			buildSettings = {
				CLANG_ENABLE_MODULES = YES;
				CODE_SIGN_IDENTITY = "";
				DEFINES_MODULE = YES;
				DEVELOPMENT_TEAM = K2ACJ3FT43;
				DYLIB_COMPATIBILITY_VERSION = 1;
				DYLIB_CURRENT_VERSION = 1;
				DYLIB_INSTALL_NAME_BASE = "@rpath";
				INFOPLIST_FILE = RxStream/Resources/Info.plist;
				INSTALL_PATH = "$(LOCAL_LIBRARY_DIR)/Frameworks";
				LD_RUNPATH_SEARCH_PATHS = "$(inherited) @executable_path/Frameworks @loader_path/Frameworks";
				PRODUCT_BUNDLE_IDENTIFIER = flexilesoft.RxStream;
				PRODUCT_NAME = "$(TARGET_NAME)";
				SKIP_INSTALL = YES;
				SWIFT_OPTIMIZATION_LEVEL = "-Onone";
				SWIFT_VERSION = 3.0;
			};
			name = Debug;
		};
		653271BF1E5F2BA300E3DE9C /* Release */ = {
			isa = XCBuildConfiguration;
			buildSettings = {
				CLANG_ENABLE_MODULES = YES;
				CODE_SIGN_IDENTITY = "";
				DEFINES_MODULE = YES;
				DEVELOPMENT_TEAM = K2ACJ3FT43;
				DYLIB_COMPATIBILITY_VERSION = 1;
				DYLIB_CURRENT_VERSION = 1;
				DYLIB_INSTALL_NAME_BASE = "@rpath";
				INFOPLIST_FILE = RxStream/Resources/Info.plist;
				INSTALL_PATH = "$(LOCAL_LIBRARY_DIR)/Frameworks";
				LD_RUNPATH_SEARCH_PATHS = "$(inherited) @executable_path/Frameworks @loader_path/Frameworks";
				PRODUCT_BUNDLE_IDENTIFIER = flexilesoft.RxStream;
				PRODUCT_NAME = "$(TARGET_NAME)";
				SKIP_INSTALL = YES;
				SWIFT_VERSION = 3.0;
			};
			name = Release;
		};
		653271C11E5F2BA300E3DE9C /* Debug */ = {
			isa = XCBuildConfiguration;
			buildSettings = {
				ALWAYS_EMBED_SWIFT_STANDARD_LIBRARIES = YES;
				DEVELOPMENT_TEAM = K2ACJ3FT43;
				INFOPLIST_FILE = RxStreamTests/Info.plist;
				LD_RUNPATH_SEARCH_PATHS = "$(inherited) @executable_path/Frameworks @loader_path/Frameworks";
				PRODUCT_BUNDLE_IDENTIFIER = flexilesoft.RxStreamTests;
				PRODUCT_NAME = "$(TARGET_NAME)";
				SWIFT_VERSION = 3.0;
			};
			name = Debug;
		};
		653271C21E5F2BA300E3DE9C /* Release */ = {
			isa = XCBuildConfiguration;
			buildSettings = {
				ALWAYS_EMBED_SWIFT_STANDARD_LIBRARIES = YES;
				DEVELOPMENT_TEAM = K2ACJ3FT43;
				INFOPLIST_FILE = RxStreamTests/Info.plist;
				LD_RUNPATH_SEARCH_PATHS = "$(inherited) @executable_path/Frameworks @loader_path/Frameworks";
				PRODUCT_BUNDLE_IDENTIFIER = flexilesoft.RxStreamTests;
				PRODUCT_NAME = "$(TARGET_NAME)";
				SWIFT_VERSION = 3.0;
			};
			name = Release;
		};
/* End XCBuildConfiguration section */

/* Begin XCConfigurationList section */
		653271A31E5F2BA300E3DE9C /* Build configuration list for PBXProject "RxStream" */ = {
			isa = XCConfigurationList;
			buildConfigurations = (
				653271BB1E5F2BA300E3DE9C /* Debug */,
				653271BC1E5F2BA300E3DE9C /* Release */,
			);
			defaultConfigurationIsVisible = 0;
			defaultConfigurationName = Release;
		};
		653271BD1E5F2BA300E3DE9C /* Build configuration list for PBXNativeTarget "Rx" */ = {
			isa = XCConfigurationList;
			buildConfigurations = (
				653271BE1E5F2BA300E3DE9C /* Debug */,
				653271BF1E5F2BA300E3DE9C /* Release */,
			);
			defaultConfigurationIsVisible = 0;
			defaultConfigurationName = Release;
		};
		653271C01E5F2BA300E3DE9C /* Build configuration list for PBXNativeTarget "RxTests" */ = {
			isa = XCConfigurationList;
			buildConfigurations = (
				653271C11E5F2BA300E3DE9C /* Debug */,
				653271C21E5F2BA300E3DE9C /* Release */,
			);
			defaultConfigurationIsVisible = 0;
			defaultConfigurationName = Release;
		};
/* End XCConfigurationList section */
	};
	rootObject = 653271A01E5F2BA300E3DE9C /* Project object */;
}
